
Microsoft Visual Studio Solution File, Format Version 12.00
# Visual Studio Version 17
VisualStudioVersion = 17.14.36109.1 d17.14
MinimumVisualStudioVersion = 10.0.40219.1
Project("{FAE04EC0-301F-11D3-BF4B-00C04F79EFBC}") = "DeliveryCheckpoint2CSharp", "DeliveryCheckpoint2CSharp\DeliveryCheckpoint2CSharp.csproj", "{01DF7D35-874A-4519-A56D-0543A182322E}"
EndProject
Global
	GlobalSection(SolutionConfigurationPlatforms) = preSolution
		Debug|Any CPU = Debug|Any CPU
		Release|Any CPU = Release|Any CPU
	EndGlobalSection
	GlobalSection(ProjectConfigurationPlatforms) = postSolution
		{01DF7D35-874A-4519-A56D-0543A182322E}.Debug|Any CPU.ActiveCfg = Debug|Any CPU
		{01DF7D35-874A-4519-A56D-0543A182322E}.Debug|Any CPU.Build.0 = Debug|Any CPU
		{01DF7D35-874A-4519-A56D-0543A182322E}.Release|Any CPU.ActiveCfg = Release|Any CPU
		{01DF7D35-874A-4519-A56D-0543A182322E}.Release|Any CPU.Build.0 = Release|Any CPU
	EndGlobalSection
	GlobalSection(SolutionProperties) = preSolution
		HideSolutionNode = FALSE
	EndGlobalSection
	GlobalSection(ExtensibilityGlobals) = postSolution
		SolutionGuid = {4C45A8D2-371C-42B1-BCE7-1BDA3213B0E9}
	EndGlobalSection
EndGlobal
